{
  "name": "norther-lights",
  "requires": true,
  "lockfileVersion": 1,
  "dependencies": {
    "alcalzone-shared": {
      "version": "1.3.1",
      "resolved": "https://registry.npmjs.org/alcalzone-shared/-/alcalzone-shared-1.3.1.tgz",
      "integrity": "sha512-eKsYtqcMu3eJbqisKRR1dyadShAW8DOuTFrUc97punSSmZKNznkb3h9p4o2nlYgPqIDfk1fvRcxTE+f+URx9qQ==",
      "requires": {
        "debug": "^3.1.0"
      }
    },
    "debug": {
      "version": "3.2.6",
      "resolved": "https://registry.npmjs.org/debug/-/debug-3.2.6.tgz",
      "integrity": "sha512-mel+jf7nrtEl5Pn1Qx46zARXKDpBbvzezse7p7LqINmdoIk8PYP5SySaxEmYv6TZ0JyEKA1hsCId6DIhgITtWQ==",
      "requires": {
        "ms": "^2.1.1"
      }
    },
    "dns-packet": {
      "version": "1.3.1",
      "resolved": "https://registry.npmjs.org/dns-packet/-/dns-packet-1.3.1.tgz",
      "integrity": "sha512-0UxfQkMhYAUaZI+xrNZOz/as5KgDU0M/fQ9b6SpkyLbk3GEswDi6PADJVaYJradtRVsRIlF1zLyOodbcTCDzUg==",
      "requires": {
        "ip": "^1.1.0",
        "safe-buffer": "^5.0.1"
      }
    },
    "ip": {
      "version": "1.1.5",
      "resolved": "https://registry.npmjs.org/ip/-/ip-1.1.5.tgz",
      "integrity": "sha1-vd7XARQpCCjAoDnnLvJfWq7ENUo="
    },
    "mdns-server": {
      "version": "1.0.6",
      "resolved": "https://registry.npmjs.org/mdns-server/-/mdns-server-1.0.6.tgz",
      "integrity": "sha512-J6refVGryArKQTc2z03ySBEQaBRC+sz0MUza/CXumvkBnveyA8dFmCNljDzzmDv5AI4sNPp2ldPz4ocOvwblRw==",
      "requires": {
        "dns-packet": "^1.1.1"
      }
    },
    "moment": {
      "version": "2.22.2",
      "resolved": "https://registry.npmjs.org/moment/-/moment-2.22.2.tgz",
      "integrity": "sha1-PCV/mDn8DpP/UxSWMiOeuQeD/2Y="
    },
    "moment-timezone": {
      "version": "0.5.23",
      "resolved": "https://registry.npmjs.org/moment-timezone/-/moment-timezone-0.5.23.tgz",
      "integrity": "sha512-WHFH85DkCfiNMDX5D3X7hpNH3/PUhjTGcD0U1SgfBGZxJ3qUmJh5FdvaFjcClxOvB3rzdfj4oRffbI38jEnC1w==",
      "requires": {
        "moment": ">= 2.9.0"
      }
    },
    "ms": {
      "version": "2.1.1",
      "resolved": "https://registry.npmjs.org/ms/-/ms-2.1.1.tgz",
      "integrity": "sha512-tgp+dl5cGk28utYktBsrFqA7HKgrhgPsg6Z/EfhWI4gl1Hwq8B/GmY/0oXZ6nF8hDVesS/FpnYaD/kOWhYQvyg=="
    },
    "node-coap-client": {
      "version": "1.0.0",
      "resolved": "https://registry.npmjs.org/node-coap-client/-/node-coap-client-1.0.0.tgz",
      "integrity": "sha512-4zpZYXVo/4e91GqMGkbvjwS4K8/CjEaJzBvotFi15Qmcb/wwbUSW3o3jakP29Ey6CCj4yrrlEI5u7B8fQLf5Fg==",
      "requires": {
        "debug": "^3.1.0",
        "node-dtls-client": "^0.5.4"
      }
    },
    "node-dtls-client": {
      "version": "0.5.4",
      "resolved": "https://registry.npmjs.org/node-dtls-client/-/node-dtls-client-0.5.4.tgz",
      "integrity": "sha512-I8KyZr/9plmJPF8yi1AyqGn1Tu3dKH8rtXXXV4E07a9wgPgtC9yCJrrqSDEruwENJA+XsA1/jO97ZUy0LFObNQ==",
      "requires": {
        "debug": "^3.1.0",
        "semver": "^5.5.0"
      }
    },
    "node-tradfri-client": {
      "version": "1.4.1",
      "resolved": "https://registry.npmjs.org/node-tradfri-client/-/node-tradfri-client-1.4.1.tgz",
      "integrity": "sha512-Ou3p4TuXVANec6Tzcn71p1sZv6uvcVg/yYaEkNpwsID/fD/XG7tYiNfDR7YPZCwECBD2hC9pzPaipRyJmdLxMA==",
      "requires": {
        "alcalzone-shared": "^1.0.1",
        "debug": "^3.1.0",
        "mdns-server": "^1.0.6",
        "node-coap-client": "^1.0.0",
        "reflect-metadata": "^0.1.12"
      }
    },
    "reflect-metadata": {
      "version": "0.1.12",
      "resolved": "https://registry.npmjs.org/reflect-metadata/-/reflect-metadata-0.1.12.tgz",
      "integrity": "sha512-n+IyV+nGz3+0q3/Yf1ra12KpCyi001bi4XFxSjbiWWjfqb52iTTtpGXmCCAOWWIAn9KEuFZKGqBERHmrtScZ3A=="
    },
    "safe-buffer": {
      "version": "5.1.2",
      "resolved": "https://registry.npmjs.org/safe-buffer/-/safe-buffer-5.1.2.tgz",
      "integrity": "sha512-Gd2UZBJDkXlY7GbJxfsE8/nvKkUEU1G38c1siN6QP6a9PT9MmHB8GnpscSmMJSoF8LOIrt8ud/wPtojys4G6+g=="
    },
    "semver": {
      "version": "5.6.0",
      "resolved": "https://registry.npmjs.org/semver/-/semver-5.6.0.tgz",
      "integrity": "sha512-RS9R6R35NYgQn++fkDWaOmqGoj4Ek9gGs+DPxNUZKuwE183xjJroKvyo1IzVFeXvUrvmALy6FWD5xrdJT25gMg=="
    }
  }
}
